
Microsoft Visual Studio Solution File, Format Version 12.00
# Visual Studio Version 17
VisualStudioVersion = 17.0.31903.59
MinimumVisualStudioVersion = 10.0.40219.1
Project("{FAE04EC0-301F-11D3-BF4B-00C04F79EFBC}") = "ABSTRACTIONS", "ABSTRACTIONS\ABSTRACTIONS.csproj", "{D4D53C58-6239-4304-AF5D-8439DB5150D3}"
EndProject
Project("{FAE04EC0-301F-11D3-BF4B-00C04F79EFBC}") = "APPLICATION", "APPLICATION\APPLICATION.csproj", "{40FC3C2B-71E8-4986-B0A6-3427F4B8CC06}"
EndProject
Project("{FAE04EC0-301F-11D3-BF4B-00C04F79EFBC}") = "DOMAIN", "DOMAIN\DOMAIN.csproj", "{C5BD7B6A-7483-4782-BD1D-9237575E7BEA}"
EndProject
Project("{FAE04EC0-301F-11D3-BF4B-00C04F79EFBC}") = "REPOSITORY", "INFRASTRUCTURE\REPOSITORY.csproj", "{C214B7F9-96F0-41A7-A69E-BF69EB9C279C}"
EndProject
Project("{FAE04EC0-301F-11D3-BF4B-00C04F79EFBC}") = "UI", "PRESENTATION\UI.csproj", "{818F80C5-8C03-4051-AE10-8D2FAD71C6E5}"
EndProject
Project("{FAE04EC0-301F-11D3-BF4B-00C04F79EFBC}") = "SERVICES", "SERVICES\SERVICES.csproj", "{9B788825-FA09-4599-BC05-7398E2D145ED}"
EndProject
Global
	GlobalSection(SolutionConfigurationPlatforms) = preSolution
		Debug|Any CPU = Debug|Any CPU
		Debug|x64 = Debug|x64
		Debug|x86 = Debug|x86
		Release|Any CPU = Release|Any CPU
		Release|x64 = Release|x64
		Release|x86 = Release|x86
	EndGlobalSection
	GlobalSection(ProjectConfigurationPlatforms) = postSolution
		{D4D53C58-6239-4304-AF5D-8439DB5150D3}.Debug|Any CPU.ActiveCfg = Debug|Any CPU
		{D4D53C58-6239-4304-AF5D-8439DB5150D3}.Debug|Any CPU.Build.0 = Debug|Any CPU
		{D4D53C58-6239-4304-AF5D-8439DB5150D3}.Debug|x64.ActiveCfg = Debug|Any CPU
		{D4D53C58-6239-4304-AF5D-8439DB5150D3}.Debug|x64.Build.0 = Debug|Any CPU
		{D4D53C58-6239-4304-AF5D-8439DB5150D3}.Debug|x86.ActiveCfg = Debug|Any CPU
		{D4D53C58-6239-4304-AF5D-8439DB5150D3}.Debug|x86.Build.0 = Debug|Any CPU
		{D4D53C58-6239-4304-AF5D-8439DB5150D3}.Release|Any CPU.ActiveCfg = Release|Any CPU
		{D4D53C58-6239-4304-AF5D-8439DB5150D3}.Release|Any CPU.Build.0 = Release|Any CPU
		{D4D53C58-6239-4304-AF5D-8439DB5150D3}.Release|x64.ActiveCfg = Release|Any CPU
		{D4D53C58-6239-4304-AF5D-8439DB5150D3}.Release|x64.Build.0 = Release|Any CPU
		{D4D53C58-6239-4304-AF5D-8439DB5150D3}.Release|x86.ActiveCfg = Release|Any CPU
		{D4D53C58-6239-4304-AF5D-8439DB5150D3}.Release|x86.Build.0 = Release|Any CPU
		{40FC3C2B-71E8-4986-B0A6-3427F4B8CC06}.Debug|Any CPU.ActiveCfg = Debug|Any CPU
		{40FC3C2B-71E8-4986-B0A6-3427F4B8CC06}.Debug|Any CPU.Build.0 = Debug|Any CPU
		{40FC3C2B-71E8-4986-B0A6-3427F4B8CC06}.Debug|x64.ActiveCfg = Debug|Any CPU
		{40FC3C2B-71E8-4986-B0A6-3427F4B8CC06}.Debug|x64.Build.0 = Debug|Any CPU
		{40FC3C2B-71E8-4986-B0A6-3427F4B8CC06}.Debug|x86.ActiveCfg = Debug|Any CPU
		{40FC3C2B-71E8-4986-B0A6-3427F4B8CC06}.Debug|x86.Build.0 = Debug|Any CPU
		{40FC3C2B-71E8-4986-B0A6-3427F4B8CC06}.Release|Any CPU.ActiveCfg = Release|Any CPU
		{40FC3C2B-71E8-4986-B0A6-3427F4B8CC06}.Release|Any CPU.Build.0 = Release|Any CPU
		{40FC3C2B-71E8-4986-B0A6-3427F4B8CC06}.Release|x64.ActiveCfg = Release|Any CPU
		{40FC3C2B-71E8-4986-B0A6-3427F4B8CC06}.Release|x64.Build.0 = Release|Any CPU
		{40FC3C2B-71E8-4986-B0A6-3427F4B8CC06}.Release|x86.ActiveCfg = Release|Any CPU
		{40FC3C2B-71E8-4986-B0A6-3427F4B8CC06}.Release|x86.Build.0 = Release|Any CPU
		{C5BD7B6A-7483-4782-BD1D-9237575E7BEA}.Debug|Any CPU.ActiveCfg = Debug|Any CPU
		{C5BD7B6A-7483-4782-BD1D-9237575E7BEA}.Debug|Any CPU.Build.0 = Debug|Any CPU
		{C5BD7B6A-7483-4782-BD1D-9237575E7BEA}.Debug|x64.ActiveCfg = Debug|Any CPU
		{C5BD7B6A-7483-4782-BD1D-9237575E7BEA}.Debug|x64.Build.0 = Debug|Any CPU
		{C5BD7B6A-7483-4782-BD1D-9237575E7BEA}.Debug|x86.ActiveCfg = Debug|Any CPU
		{C5BD7B6A-7483-4782-BD1D-9237575E7BEA}.Debug|x86.Build.0 = Debug|Any CPU
		{C5BD7B6A-7483-4782-BD1D-9237575E7BEA}.Release|Any CPU.ActiveCfg = Release|Any CPU
		{C5BD7B6A-7483-4782-BD1D-9237575E7BEA}.Release|Any CPU.Build.0 = Release|Any CPU
		{C5BD7B6A-7483-4782-BD1D-9237575E7BEA}.Release|x64.ActiveCfg = Release|Any CPU
		{C5BD7B6A-7483-4782-BD1D-9237575E7BEA}.Release|x64.Build.0 = Release|Any CPU
		{C5BD7B6A-7483-4782-BD1D-9237575E7BEA}.Release|x86.ActiveCfg = Release|Any CPU
		{C5BD7B6A-7483-4782-BD1D-9237575E7BEA}.Release|x86.Build.0 = Release|Any CPU
		{C214B7F9-96F0-41A7-A69E-BF69EB9C279C}.Debug|Any CPU.ActiveCfg = Debug|Any CPU
		{C214B7F9-96F0-41A7-A69E-BF69EB9C279C}.Debug|Any CPU.Build.0 = Debug|Any CPU
		{C214B7F9-96F0-41A7-A69E-BF69EB9C279C}.Debug|x64.ActiveCfg = Debug|Any CPU
		{C214B7F9-96F0-41A7-A69E-BF69EB9C279C}.Debug|x64.Build.0 = Debug|Any CPU
		{C214B7F9-96F0-41A7-A69E-BF69EB9C279C}.Debug|x86.ActiveCfg = Debug|Any CPU
		{C214B7F9-96F0-41A7-A69E-BF69EB9C279C}.Debug|x86.Build.0 = Debug|Any CPU
		{C214B7F9-96F0-41A7-A69E-BF69EB9C279C}.Release|Any CPU.ActiveCfg = Release|Any CPU
		{C214B7F9-96F0-41A7-A69E-BF69EB9C279C}.Release|Any CPU.Build.0 = Release|Any CPU
		{C214B7F9-96F0-41A7-A69E-BF69EB9C279C}.Release|x64.ActiveCfg = Release|Any CPU
		{C214B7F9-96F0-41A7-A69E-BF69EB9C279C}.Release|x64.Build.0 = Release|Any CPU
		{C214B7F9-96F0-41A7-A69E-BF69EB9C279C}.Release|x86.ActiveCfg = Release|Any CPU
		{C214B7F9-96F0-41A7-A69E-BF69EB9C279C}.Release|x86.Build.0 = Release|Any CPU
		{818F80C5-8C03-4051-AE10-8D2FAD71C6E5}.Debug|Any CPU.ActiveCfg = Debug|Any CPU
		{818F80C5-8C03-4051-AE10-8D2FAD71C6E5}.Debug|Any CPU.Build.0 = Debug|Any CPU
		{818F80C5-8C03-4051-AE10-8D2FAD71C6E5}.Debug|x64.ActiveCfg = Debug|Any CPU
		{818F80C5-8C03-4051-AE10-8D2FAD71C6E5}.Debug|x64.Build.0 = Debug|Any CPU
		{818F80C5-8C03-4051-AE10-8D2FAD71C6E5}.Debug|x86.ActiveCfg = Debug|Any CPU
		{818F80C5-8C03-4051-AE10-8D2FAD71C6E5}.Debug|x86.Build.0 = Debug|Any CPU
		{818F80C5-8C03-4051-AE10-8D2FAD71C6E5}.Release|Any CPU.ActiveCfg = Release|Any CPU
		{818F80C5-8C03-4051-AE10-8D2FAD71C6E5}.Release|Any CPU.Build.0 = Release|Any CPU
		{818F80C5-8C03-4051-AE10-8D2FAD71C6E5}.Release|x64.ActiveCfg = Release|Any CPU
		{818F80C5-8C03-4051-AE10-8D2FAD71C6E5}.Release|x64.Build.0 = Release|Any CPU
		{818F80C5-8C03-4051-AE10-8D2FAD71C6E5}.Release|x86.ActiveCfg = Release|Any CPU
		{818F80C5-8C03-4051-AE10-8D2FAD71C6E5}.Release|x86.Build.0 = Release|Any CPU
		{9B788825-FA09-4599-BC05-7398E2D145ED}.Debug|Any CPU.ActiveCfg = Debug|Any CPU
		{9B788825-FA09-4599-BC05-7398E2D145ED}.Debug|Any CPU.Build.0 = Debug|Any CPU
		{9B788825-FA09-4599-BC05-7398E2D145ED}.Debug|x64.ActiveCfg = Debug|Any CPU
		{9B788825-FA09-4599-BC05-7398E2D145ED}.Debug|x64.Build.0 = Debug|Any CPU
		{9B788825-FA09-4599-BC05-7398E2D145ED}.Debug|x86.ActiveCfg = Debug|Any CPU
		{9B788825-FA09-4599-BC05-7398E2D145ED}.Debug|x86.Build.0 = Debug|Any CPU
		{9B788825-FA09-4599-BC05-7398E2D145ED}.Release|Any CPU.ActiveCfg = Release|Any CPU
		{9B788825-FA09-4599-BC05-7398E2D145ED}.Release|Any CPU.Build.0 = Release|Any CPU
		{9B788825-FA09-4599-BC05-7398E2D145ED}.Release|x64.ActiveCfg = Release|Any CPU
		{9B788825-FA09-4599-BC05-7398E2D145ED}.Release|x64.Build.0 = Release|Any CPU
		{9B788825-FA09-4599-BC05-7398E2D145ED}.Release|x86.ActiveCfg = Release|Any CPU
		{9B788825-FA09-4599-BC05-7398E2D145ED}.Release|x86.Build.0 = Release|Any CPU
	EndGlobalSection
	GlobalSection(SolutionProperties) = preSolution
		HideSolutionNode = FALSE
	EndGlobalSection
	GlobalSection(ExtensibilityGlobals) = postSolution
		SolutionGuid = {464E714B-AC9A-4F93-B22D-FCA95AC87AA5}
	EndGlobalSection
EndGlobal
